
Microsoft Visual Studio Solution File, Format Version 12.00
# Visual Studio Version 17
VisualStudioVersion = 17.13.35806.99 d17.13
MinimumVisualStudioVersion = 10.0.40219.1
Project("{FAE04EC0-301F-11D3-BF4B-00C04F79EFBC}") = "TDD.Domain", "TDD.Domain\TDD.Domain.csproj", "{489AAC4B-CF4F-4B20-98E0-D394DD2CD6BC}"
EndProject
Project("{FAE04EC0-301F-11D3-BF4B-00C04F79EFBC}") = "TDD.Domain.Tests", "TDD.Domain.Tests\TDD.Domain.Tests.csproj", "{62AD1A67-ED59-4708-A921-43985EA05EC9}"
EndProject
Global
	GlobalSection(SolutionConfigurationPlatforms) = preSolution
		Debug|Any CPU = Debug|Any CPU
		Release|Any CPU = Release|Any CPU
	EndGlobalSection
	GlobalSection(ProjectConfigurationPlatforms) = postSolution
		{489AAC4B-CF4F-4B20-98E0-D394DD2CD6BC}.Debug|Any CPU.ActiveCfg = Debug|Any CPU
		{489AAC4B-CF4F-4B20-98E0-D394DD2CD6BC}.Debug|Any CPU.Build.0 = Debug|Any CPU
		{489AAC4B-CF4F-4B20-98E0-D394DD2CD6BC}.Release|Any CPU.ActiveCfg = Release|Any CPU
		{489AAC4B-CF4F-4B20-98E0-D394DD2CD6BC}.Release|Any CPU.Build.0 = Release|Any CPU
		{62AD1A67-ED59-4708-A921-43985EA05EC9}.Debug|Any CPU.ActiveCfg = Debug|Any CPU
		{62AD1A67-ED59-4708-A921-43985EA05EC9}.Debug|Any CPU.Build.0 = Debug|Any CPU
		{62AD1A67-ED59-4708-A921-43985EA05EC9}.Release|Any CPU.ActiveCfg = Release|Any CPU
		{62AD1A67-ED59-4708-A921-43985EA05EC9}.Release|Any CPU.Build.0 = Release|Any CPU
	EndGlobalSection
	GlobalSection(SolutionProperties) = preSolution
		HideSolutionNode = FALSE
	EndGlobalSection
	GlobalSection(ExtensibilityGlobals) = postSolution
		SolutionGuid = {8995F3B3-E2AA-4F19-BE7F-D29AAE65E378}
	EndGlobalSection
EndGlobal
